
Microsoft Visual Studio Solution File, Format Version 12.00
# Visual Studio Version 17
VisualStudioVersion = 17.4.33213.308
MinimumVisualStudioVersion = 10.0.40219.1
Project("{9A19103F-16F7-4668-BE54-9A1E7A4F7556}") = "NiGiMod", "NiGiMod.csproj", "{0D8D5F64-8129-4508-A0B8-D5D018540F40}"
EndProject
Global
	GlobalSection(SolutionConfigurationPlatforms) = preSolution
		Debug|Any CPU = Debug|Any CPU
		Release|Any CPU = Release|Any CPU
	EndGlobalSection
	GlobalSection(ProjectConfigurationPlatforms) = postSolution
		{0D8D5F64-8129-4508-A0B8-D5D018540F40}.Debug|Any CPU.ActiveCfg = Debug|Any CPU
		{0D8D5F64-8129-4508-A0B8-D5D018540F40}.Debug|Any CPU.Build.0 = Debug|Any CPU
		{0D8D5F64-8129-4508-A0B8-D5D018540F40}.Release|Any CPU.ActiveCfg = Release|Any CPU
		{0D8D5F64-8129-4508-A0B8-D5D018540F40}.Release|Any CPU.Build.0 = Release|Any CPU
	EndGlobalSection
	GlobalSection(SolutionProperties) = preSolution
		HideSolutionNode = FALSE
	EndGlobalSection
	GlobalSection(ExtensibilityGlobals) = postSolution
		SolutionGuid = {A02A425C-4E7A-44A1-ADB0-55BFFFC04F6F}
	EndGlobalSection
EndGlobal
